
Microsoft Visual Studio Solution File, Format Version 12.00
# Visual Studio Version 17
VisualStudioVersion = 17.14.37111.16
MinimumVisualStudioVersion = 10.0.40219.1
Project("{FAE04EC0-301F-11D3-BF4B-00C04F79EFBC}") = "ServerApp", "ServerApp\ServerApp.csproj", "{F266251A-EEEF-4B71-A2AA-060817DEA487}"
EndProject
Project("{FAE04EC0-301F-11D3-BF4B-00C04F79EFBC}") = "ClientApp", "ClientApp\ClientApp.csproj", "{F8ED9078-FC47-4B79-A418-0847A32B7067}"
EndProject
Project("{FAE04EC0-301F-11D3-BF4B-00C04F79EFBC}") = "SocketAssignment.Tests", "SocketAssignment.Tests\SocketAssignment.Tests.csproj", "{21F6CA8B-7CC8-46C8-AAA3-B016202A6F69}"
EndProject
Global
	GlobalSection(SolutionConfigurationPlatforms) = preSolution
		Debug|Any CPU = Debug|Any CPU
		Release|Any CPU = Release|Any CPU
	EndGlobalSection
	GlobalSection(ProjectConfigurationPlatforms) = postSolution
		{F266251A-EEEF-4B71-A2AA-060817DEA487}.Debug|Any CPU.ActiveCfg = Debug|Any CPU
		{F266251A-EEEF-4B71-A2AA-060817DEA487}.Debug|Any CPU.Build.0 = Debug|Any CPU
		{F266251A-EEEF-4B71-A2AA-060817DEA487}.Release|Any CPU.ActiveCfg = Release|Any CPU
		{F266251A-EEEF-4B71-A2AA-060817DEA487}.Release|Any CPU.Build.0 = Release|Any CPU
		{F8ED9078-FC47-4B79-A418-0847A32B7067}.Debug|Any CPU.ActiveCfg = Debug|Any CPU
		{F8ED9078-FC47-4B79-A418-0847A32B7067}.Debug|Any CPU.Build.0 = Debug|Any CPU
		{F8ED9078-FC47-4B79-A418-0847A32B7067}.Release|Any CPU.ActiveCfg = Release|Any CPU
		{F8ED9078-FC47-4B79-A418-0847A32B7067}.Release|Any CPU.Build.0 = Release|Any CPU
		{21F6CA8B-7CC8-46C8-AAA3-B016202A6F69}.Debug|Any CPU.ActiveCfg = Debug|Any CPU
		{21F6CA8B-7CC8-46C8-AAA3-B016202A6F69}.Debug|Any CPU.Build.0 = Debug|Any CPU
		{21F6CA8B-7CC8-46C8-AAA3-B016202A6F69}.Release|Any CPU.ActiveCfg = Release|Any CPU
		{21F6CA8B-7CC8-46C8-AAA3-B016202A6F69}.Release|Any CPU.Build.0 = Release|Any CPU
	EndGlobalSection
	GlobalSection(SolutionProperties) = preSolution
		HideSolutionNode = FALSE
	EndGlobalSection
	GlobalSection(ExtensibilityGlobals) = postSolution
		SolutionGuid = {B29BEDF6-4C31-4B94-9E14-F0C13E9993B0}
	EndGlobalSection
EndGlobal
